<?xml version="1.0" encoding="utf-8"?>
<Project ToolsVersion="4.0" xmlns="http://schemas.microsoft.com/developer/msbuild/2003">
  <ItemGroup>
    <Filter Include="Source Files">
      <UniqueIdentifier>{4a685b3c-e334-4f3d-bfe9-18bf48121513}</UniqueIdentifier>
    </Filter>
    <Filter Include="Link Libraries">
      <UniqueIdentifier>{faf0af15-a3db-4e71-98a5-d55cfb48bb85}</UniqueIdentifier>
    </Filter>
    <Filter Include="Header Files">
      <UniqueIdentifier>{f74b0b5f-d3a5-4f1b-8d0b-227194c534c9}</UniqueIdentifier>
    </Filter>
    <Filter Include="Source Files\hl2dm">
      <UniqueIdentifier>{9f7fbc23-b68e-4f34-b051-ea89ae52d30a}</UniqueIdentifier>
    </Filter>
    <Filter Include="Header Files\hl2dm">
      <UniqueIdentifier>{2b194c58-61ff-43d7-9042-f592c1fdb315}</UniqueIdentifier>
    </Filter>
  </ItemGroup>
  <ItemGroup>
    <ClCompile Include="hl2sdk\public\tier0\memoverride.cpp">
      <Filter>Source Files</Filter>
    </ClCompile>
    <ClCompile Include="..\serverplugin_bot.cpp">
      <Filter>Source Files</Filter>
    </ClCompile>
    <ClCompile Include="..\serverplugin_empty.cpp">
      <Filter>Source Files</Filter>
    </ClCompile>
    <ClCompile Include="..\bot_bms.cpp">
      <Filter>Source Files</Filter>
    </ClCompile>
    <ClCompile Include="..\bot_dod.cpp">
      <Filter>Source Files</Filter>
    </ClCompile>
    <ClCompile Include="..\bot_hl2dm.cpp">
      <Filter>Source Files</Filter>
    </ClCompile>
    <ClCompile Include="..\bot.cpp">
      <Filter>Source Files</Filter>
    </ClCompile>
    <ClCompile Include="..\hl2mp_player.cpp">
      <Filter>Source Files\hl2dm</Filter>
    </ClCompile>
    <ClCompile Include="..\baseplayer.cpp">
      <Filter>Source Files</Filter>
    </ClCompile>
  </ItemGroup>
  <ItemGroup>
    <Library Include="hl2sdk\lib\public\mathlib.lib">
      <Filter>Link Libraries</Filter>
    </Library>
    <Library Include="hl2sdk\lib\public\tier0.lib">
      <Filter>Link Libraries</Filter>
    </Library>
    <Library Include="hl2sdk\lib\public\tier1.lib">
      <Filter>Link Libraries</Filter>
    </Library>
    <Library Include="hl2sdk\lib\public\tier2.lib">
      <Filter>Link Libraries</Filter>
    </Library>
    <Library Include="hl2sdk\lib\public\vstdlib.lib">
      <Filter>Link Libraries</Filter>
    </Library>
  </ItemGroup>
  <ItemGroup>
    <ClInclude Include="hl2sdk\public\tier0\basetypes.h">
      <Filter>Header Files</Filter>
    </ClInclude>
    <ClInclude Include="hl2sdk\public\Color.h">
      <Filter>Header Files</Filter>
    </ClInclude>
    <ClInclude Include="hl2sdk\public\tier0\dbg.h">
      <Filter>Header Files</Filter>
    </ClInclude>
    <ClInclude Include="hl2sdk\public\eiface.h">
      <Filter>Header Files</Filter>
    </ClInclude>
    <ClInclude Include="hl2sdk\public\filesystem.h">
      <Filter>Header Files</Filter>
    </ClInclude>
    <ClInclude Include="hl2sdk\public\vstdlib\ICommandLine.h">
      <Filter>Header Files</Filter>
    </ClInclude>
    <ClInclude Include="hl2sdk\public\igameevents.h">
      <Filter>Header Files</Filter>
    </ClInclude>
    <ClInclude Include="hl2sdk\public\tier1\interface.h">
      <Filter>Header Files</Filter>
    </ClInclude>
    <ClInclude Include="hl2sdk\public\game\server\iplayerinfo.h">
      <Filter>Header Files</Filter>
    </ClInclude>
    <ClInclude Include="hl2sdk\public\engine\iserverplugin.h">
      <Filter>Header Files</Filter>
    </ClInclude>
    <ClInclude Include="hl2sdk\public\tier1\KeyValues.h">
      <Filter>Header Files</Filter>
    </ClInclude>
    <ClInclude Include="hl2sdk\public\tier0\mem.h">
      <Filter>Header Files</Filter>
    </ClInclude>
    <ClInclude Include="hl2sdk\public\tier0\memalloc.h">
      <Filter>Header Files</Filter>
    </ClInclude>
    <ClInclude Include="hl2sdk\public\tier0\memdbgon.h">
      <Filter>Header Files</Filter>
    </ClInclude>
    <ClInclude Include="hl2sdk\public\vstdlib\strtools.h">
      <Filter>Header Files</Filter>
    </ClInclude>
    <ClInclude Include="hl2sdk\public\tier1\utlbuffer.h">
      <Filter>Header Files</Filter>
    </ClInclude>
    <ClInclude Include="hl2sdk\public\tier1\utlmemory.h">
      <Filter>Header Files</Filter>
    </ClInclude>
    <ClInclude Include="hl2sdk\public\tier1\utlvector.h">
      <Filter>Header Files</Filter>
    </ClInclude>
    <ClInclude Include="hl2sdk\public\vstdlib\vstdlib.h">
      <Filter>Header Files</Filter>
    </ClInclude>
    <ClInclude Include="..\bot_baseentity.h">
      <Filter>Header Files</Filter>
    </ClInclude>
    <ClInclude Include="..\plugin_interface.h">
      <Filter>Header Files</Filter>
    </ClInclude>
    <ClInclude Include="..\bot.h">
      <Filter>Header Files</Filter>
    </ClInclude>
    <ClInclude Include="..\game.h">
      <Filter>Header Files</Filter>
    </ClInclude>
    <ClInclude Include="..\hl2mp_player.h">
      <Filter>Header Files\hl2dm</Filter>
    </ClInclude>
    <ClInclude Include="..\baseplayer.h">
      <Filter>Header Files</Filter>
    </ClInclude>
  </ItemGroup>
</Project>